
Microsoft Visual Studio Solution File, Format Version 12.00
# Visual Studio Version 17
VisualStudioVersion = 17.5.33424.131
MinimumVisualStudioVersion = 10.0.40219.1
Project("{FAE04EC0-301F-11D3-BF4B-00C04F79EFBC}") = "Producer", "Producer\Producer.csproj", "{E59BE7E1-627D-44F4-A715-E14173BC5D2F}"
EndProject
Project("{FAE04EC0-301F-11D3-BF4B-00C04F79EFBC}") = "RabbitMqContracts", "RabbitMqContracts\RabbitMqContracts.csproj", "{D86AA72F-188E-4513-93AD-D9310DF56366}"
EndProject
Project("{FAE04EC0-301F-11D3-BF4B-00C04F79EFBC}") = "Consumer", "Consumer\Consumer.csproj", "{07D6D9CA-38C4-4B21-BA85-57BC2A133C63}"
EndProject
Global
	GlobalSection(SolutionConfigurationPlatforms) = preSolution
		Debug|Any CPU = Debug|Any CPU
		Release|Any CPU = Release|Any CPU
	EndGlobalSection
	GlobalSection(ProjectConfigurationPlatforms) = postSolution
		{E59BE7E1-627D-44F4-A715-E14173BC5D2F}.Debug|Any CPU.ActiveCfg = Debug|Any CPU
		{E59BE7E1-627D-44F4-A715-E14173BC5D2F}.Debug|Any CPU.Build.0 = Debug|Any CPU
		{E59BE7E1-627D-44F4-A715-E14173BC5D2F}.Release|Any CPU.ActiveCfg = Release|Any CPU
		{E59BE7E1-627D-44F4-A715-E14173BC5D2F}.Release|Any CPU.Build.0 = Release|Any CPU
		{D86AA72F-188E-4513-93AD-D9310DF56366}.Debug|Any CPU.ActiveCfg = Debug|Any CPU
		{D86AA72F-188E-4513-93AD-D9310DF56366}.Debug|Any CPU.Build.0 = Debug|Any CPU
		{D86AA72F-188E-4513-93AD-D9310DF56366}.Release|Any CPU.ActiveCfg = Release|Any CPU
		{D86AA72F-188E-4513-93AD-D9310DF56366}.Release|Any CPU.Build.0 = Release|Any CPU
		{07D6D9CA-38C4-4B21-BA85-57BC2A133C63}.Debug|Any CPU.ActiveCfg = Debug|Any CPU
		{07D6D9CA-38C4-4B21-BA85-57BC2A133C63}.Debug|Any CPU.Build.0 = Debug|Any CPU
		{07D6D9CA-38C4-4B21-BA85-57BC2A133C63}.Release|Any CPU.ActiveCfg = Release|Any CPU
		{07D6D9CA-38C4-4B21-BA85-57BC2A133C63}.Release|Any CPU.Build.0 = Release|Any CPU
	EndGlobalSection
	GlobalSection(SolutionProperties) = preSolution
		HideSolutionNode = FALSE
	EndGlobalSection
	GlobalSection(ExtensibilityGlobals) = postSolution
		SolutionGuid = {D538515C-34E3-4C0E-8CD0-6DF0B30DC9C9}
	EndGlobalSection
EndGlobal
